{
  "name": "dogs-backend",
  "version": "0.1.0",
  "lockfileVersion": 1,
  "requires": true,
  "dependencies": {
    "@tidyjs/tidy": {
      "version": "2.0.7",
      "resolved": "https://maven.feedzai.com/content/groups/npm-all/@tidyjs/tidy/-/tidy-2.0.7.tgz",
      "integrity": "sha512-c5NVGB96oEWdNxPIMFiedpQPCDyRwTNHMm67WoLo36cotNyeam5SjWFUaeRk1ujfqHT7LCfG6025tWmtRan2gw==",
      "requires": {
        "d3-array": "^2.9.1",
        "ts-toolbelt": "^8.0.7"
      }
    },
    "csv-parser": {
      "version": "3.0.0",
      "resolved": "https://maven.feedzai.com/content/groups/npm-all/csv-parser/-/csv-parser-3.0.0.tgz",
      "integrity": "sha512-s6OYSXAK3IdKqYO33y09jhypG/bSDHPuyCme/IdEHfWpLf/jKcpitVFyOC6UemgGk8v7Q5u2XE0vvwmanxhGlQ==",
      "requires": {
        "minimist": "^1.2.0"
      }
    },
    "d3-array": {
      "version": "2.11.0",
      "resolved": "https://maven.feedzai.com/content/groups/npm-all/d3-array/-/d3-array-2.11.0.tgz",
      "integrity": "sha512-26clcwmHQEdsLv34oNKq5Ia9tQ26Y/4HqS3dQzF42QBUqymZJ+9PORcN1G52bt37NsL2ABoX4lvyYZc+A9Y0zw==",
      "requires": {
        "internmap": "^1.0.0"
      }
    },
    "internmap": {
      "version": "1.0.0",
      "resolved": "https://maven.feedzai.com/content/groups/npm-all/internmap/-/internmap-1.0.0.tgz",
      "integrity": "sha512-SdoDWwNOTE2n4JWUsLn4KXZGuZPjPF9yyOGc8bnfWnBQh7BD/l80rzSznKc/r4Y0aQ7z3RTk9X+tV4tHBpu+dA=="
    },
    "minimist": {
      "version": "1.2.5",
      "resolved": "https://maven.feedzai.com/content/groups/npm-all/minimist/-/minimist-1.2.5.tgz",
      "integrity": "sha512-FM9nNUYrRBAELZQT3xeZQ7fmMOBg6nWNmJKTcgsJeaLstP/UODVpGsr5OhXhhXg6f+qtJ8uiZ+PUxkDWcgIXLw=="
    },
    "ts-toolbelt": {
      "version": "8.4.0",
      "resolved": "https://maven.feedzai.com/content/groups/npm-all/ts-toolbelt/-/ts-toolbelt-8.4.0.tgz",
      "integrity": "sha512-hnGJXIgC49ZuF5g5oDthoge8t4cvT0dYg2pYO5C6yV/HmUUy1koooU2U/5K2N+Uw++hcXQpJAToLRa+GRp28Sg=="
    }
  }
}
